// !$*UTF8*$!
{
	archiveVersion = 1;
	classes = {
	};
	objectVersion = 46;
	objects = {

/* Begin PBXBuildFile section */
		95D8212B1D1D163F00B88AEF /* main.m in Sources */ = {isa = PBXBuildFile; fileRef = 95D8212A1D1D163F00B88AEF /* main.m */; };
		95D8212E1D1D163F00B88AEF /* AppDelegate.m in Sources */ = {isa = PBXBuildFile; fileRef = 95D8212D1D1D163F00B88AEF /* AppDelegate.m */; };
		95D821311D1D163F00B88AEF /* ViewController.m in Sources */ = {isa = PBXBuildFile; fileRef = 95D821301D1D163F00B88AEF /* ViewController.m */; };
		95D821341D1D163F00B88AEF /* Main.storyboard in Resources */ = {isa = PBXBuildFile; fileRef = 95D821321D1D163F00B88AEF /* Main.storyboard */; };
		95D821361D1D163F00B88AEF /* Assets.xcassets in Resources */ = {isa = PBXBuildFile; fileRef = 95D821351D1D163F00B88AEF /* Assets.xcassets */; };
		95D821391D1D163F00B88AEF /* LaunchScreen.storyboard in Resources */ = {isa = PBXBuildFile; fileRef = 95D821371D1D163F00B88AEF /* LaunchScreen.storyboard */; };
/* End PBXBuildFile section */

/* Begin PBXFileReference section */
		95D821261D1D163F00B88AEF /* IT007GitDemo.app */ = {isa = PBXFileReference; explicitFileType = wrapper.application; includeInIndex = 0; path = IT007GitDemo.app; sourceTree = BUILT_PRODUCTS_DIR; };
		95D8212A1D1D163F00B88AEF /* main.m */ = {isa = PBXFileReference; lastKnownFileType = sourcecode.c.objc; path = main.m; sourceTree = "<group>"; };
		95D8212C1D1D163F00B88AEF /* AppDelegate.h */ = {isa = PBXFileReference; lastKnownFileType = sourcecode.c.h; path = AppDelegate.h; sourceTree = "<group>"; };
		95D8212D1D1D163F00B88AEF /* AppDelegate.m */ = {isa = PBXFileReference; lastKnownFileType = sourcecode.c.objc; path = AppDelegate.m; sourceTree = "<group>"; };
		95D8212F1D1D163F00B88AEF /* ViewController.h */ = {isa = PBXFileReference; lastKnownFileType = sourcecode.c.h; path = ViewController.h; sourceTree = "<group>"; };
		95D821301D1D163F00B88AEF /* ViewController.m */ = {isa = PBXFileReference; lastKnownFileType = sourcecode.c.objc; path = ViewController.m; sourceTree = "<group>"; };
		95D821331D1D163F00B88AEF /* Base */ = {isa = PBXFileReference; lastKnownFileType = file.storyboard; name = Base; path = Base.lproj/Main.storyboard; sourceTree = "<group>"; };
		95D821351D1D163F00B88AEF /* Assets.xcassets */ = {isa = PBXFileReference; lastKnownFileType = folder.assetcatalog; path = Assets.xcassets; sourceTree = "<group>"; };
		95D821381D1D163F00B88AEF /* Base */ = {isa = PBXFileReference; lastKnownFileType = file.storyboard; name = Base; path = Base.lproj/LaunchScreen.storyboard; sourceTree = "<group>"; };
		95D8213A1D1D163F00B88AEF /* Info.plist */ = {isa = PBXFileReference; lastKnownFileType = text.plist.xml; path = Info.plist; sourceTree = "<group>"; };
/* End PBXFileReference section */

/* Begin PBXFrameworksBuildPhase section */
		95D821231D1D163F00B88AEF /* Frameworks */ = {
			isa = PBXFrameworksBuildPhase;
			buildActionMask = 2147483647;
			files = (
			);
			runOnlyForDeploymentPostprocessing = 0;
		};
/* End PBXFrameworksBuildPhase section */

/* Begin PBXGroup section */
		95D8211D1D1D163F00B88AEF = {
			isa = PBXGroup;
			children = (
				95D821281D1D163F00B88AEF /* IT007GitDemo */,
				95D821271D1D163F00B88AEF /* Products */,
			);
			sourceTree = "<group>";
		};
		95D821271D1D163F00B88AEF /* Products */ = {
			isa = PBXGroup;
			children = (
				95D821261D1D163F00B88AEF /* IT007GitDemo.app */,
			);
			name = Products;
			sourceTree = "<group>";
		};
		95D821281D1D163F00B88AEF /* IT007GitDemo */ = {
			isa = PBXGroup;
			children = (
				95D8212C1D1D163F00B88AEF /* AppDelegate.h */,
				95D8212D1D1D163F00B88AEF /* AppDelegate.m */,
				95D8212F1D1D163F00B88AEF /* ViewController.h */,
				95D821301D1D163F00B88AEF /* ViewController.m */,
				95D821321D1D163F00B88AEF /* Main.storyboard */,
				95D821351D1D163F00B88AEF /* Assets.xcassets */,
				95D821371D1D163F00B88AEF /* LaunchScreen.storyboard */,
				95D8213A1D1D163F00B88AEF /* Info.plist */,
				95D821291D1D163F00B88AEF /* Supporting Files */,
			);
			path = IT007GitDemo;
			sourceTree = "<group>";
		};
		95D821291D1D163F00B88AEF /* Supporting Files */ = {
			isa = PBXGroup;
			children = (
				95D8212A1D1D163F00B88AEF /* main.m */,
			);
			name = "Supporting Files";
			sourceTree = "<group>";
		};
/* End PBXGroup section */

/* Begin PBXNativeTarget section */
		95D821251D1D163F00B88AEF /* IT007GitDemo */ = {
			isa = PBXNativeTarget;
			buildConfigurationList = 95D8213D1D1D163F00B88AEF /* Build configuration list for PBXNativeTarget "IT007GitDemo" */;
			buildPhases = (
				95D821221D1D163F00B88AEF /* Sources */,
				95D821231D1D163F00B88AEF /* Frameworks */,
				95D821241D1D163F00B88AEF /* Resources */,
			);
			buildRules = (
			);
			dependencies = (
			);
			name = IT007GitDemo;
			productName = IT007GitDemo;
			productReference = 95D821261D1D163F00B88AEF /* IT007GitDemo.app */;
			productType = "com.apple.product-type.application";
		};
/* End PBXNativeTarget section */

/* Begin PBXProject section */
		95D8211E1D1D163F00B88AEF /* Project object */ = {
			isa = PBXProject;
			attributes = {
				LastUpgradeCheck = 0720;
				ORGANIZATIONNAME = lwx;
				TargetAttributes = {
					95D821251D1D163F00B88AEF = {
						CreatedOnToolsVersion = 7.2;
						DevelopmentTeam = 6SPCAT2DXS;
					};
				};
			};
			buildConfigurationList = 95D821211D1D163F00B88AEF /* Build configuration list for PBXProject "IT007GitDemo" */;
			compatibilityVersion = "Xcode 3.2";
			developmentRegion = English;
			hasScannedForEncodings = 0;
			knownRegions = (
				en,
				Base,
			);
			mainGroup = 95D8211D1D1D163F00B88AEF;
			productRefGroup = 95D821271D1D163F00B88AEF /* Products */;
			projectDirPath = "";
			projectRoot = "";
			targets = (
				95D821251D1D163F00B88AEF /* IT007GitDemo */,
			);
		};
/* End PBXProject section */

/* Begin PBXResourcesBuildPhase section */
		95D821241D1D163F00B88AEF /* Resources */ = {
			isa = PBXResourcesBuildPhase;
			buildActionMask = 2147483647;
			files = (
				95D821391D1D163F00B88AEF /* LaunchScreen.storyboard in Resources */,
				95D821361D1D163F00B88AEF /* Assets.xcassets in Resources */,
				95D821341D1D163F00B88AEF /* Main.storyboard in Resources */,
			);
			runOnlyForDeploymentPostprocessing = 0;
		};
/* End PBXResourcesBuildPhase section */

/* Begin PBXSourcesBuildPhase section */
		95D821221D1D163F00B88AEF /* Sources */ = {
			isa = PBXSourcesBuildPhase;
			buildActionMask = 2147483647;
			files = (
				95D821311D1D163F00B88AEF /* ViewController.m in Sources */,
				95D8212E1D1D163F00B88AEF /* AppDelegate.m in Sources */,
				95D8212B1D1D163F00B88AEF /* main.m in Sources */,
			);
			runOnlyForDeploymentPostprocessing = 0;
		};
/* End PBXSourcesBuildPhase section */

/* Begin PBXVariantGroup section */
		95D821321D1D163F00B88AEF /* Main.storyboard */ = {
			isa = PBXVariantGroup;
			children = (
				95D821331D1D163F00B88AEF /* Base */,
			);
			name = Main.storyboard;
			sourceTree = "<group>";
		};
		95D821371D1D163F00B88AEF /* LaunchScreen.storyboard */ = {
			isa = PBXVariantGroup;
			children = (
				95D821381D1D163F00B88AEF /* Base */,
			);
			name = LaunchScreen.storyboard;
			sourceTree = "<group>";
		};
/* End PBXVariantGroup section */

/* Begin XCBuildConfiguration section */
		95D8213B1D1D163F00B88AEF /* Debug */ = {
			isa = XCBuildConfiguration;
			buildSettings = {
				ALWAYS_SEARCH_USER_PATHS = NO;
				CLANG_CXX_LANGUAGE_STANDARD = "gnu++0x";
				CLANG_CXX_LIBRARY = "libc++";
				CLANG_ENABLE_MODULES = YES;
				CLANG_ENABLE_OBJC_ARC = YES;
				CLANG_WARN_BOOL_CONVERSION = YES;
				CLANG_WARN_CONSTANT_CONVERSION = YES;
				CLANG_WARN_DIRECT_OBJC_ISA_USAGE = YES_ERROR;
				CLANG_WARN_EMPTY_BODY = YES;
				CLANG_WARN_ENUM_CONVERSION = YES;
				CLANG_WARN_INT_CONVERSION = YES;
				CLANG_WARN_OBJC_ROOT_CLASS = YES_ERROR;
				CLANG_WARN_UNREACHABLE_CODE = YES;
				CLANG_WARN__DUPLICATE_METHOD_MATCH = YES;
				"CODE_SIGN_IDENTITY[sdk=iphoneos*]" = "iPhone Developer";
				COPY_PHASE_STRIP = NO;
				DEBUG_INFORMATION_FORMAT = dwarf;
				ENABLE_STRICT_OBJC_MSGSEND = YES;
				ENABLE_TESTABILITY = YES;
				GCC_C_LANGUAGE_STANDARD = gnu99;
				GCC_DYNAMIC_NO_PIC = NO;
				GCC_NO_COMMON_BLOCKS = YES;
				GCC_OPTIMIZATION_LEVEL = 0;
				GCC_PREPROCESSOR_DEFINITIONS = (
					"DEBUG=1",
					"$(inherited)",
				);
				GCC_WARN_64_TO_32_BIT_CONVERSION = YES;
				GCC_WARN_ABOUT_RETURN_TYPE = YES_ERROR;
				GCC_WARN_UNDECLARED_SELECTOR = YES;
				GCC_WARN_UNINITIALIZED_AUTOS = YES_AGGRESSIVE;
				GCC_WARN_UNUSED_FUNCTION = YES;
				GCC_WARN_UNUSED_VARIABLE = YES;
				IPHONEOS_DEPLOYMENT_TARGET = 9.2;
				MTL_ENABLE_DEBUG_INFO = YES;
				ONLY_ACTIVE_ARCH = YES;
				SDKROOT = iphoneos;
			};
			name = Debug;
		};
		95D8213C1D1D163F00B88AEF /* Release */ = {
			isa = XCBuildConfiguration;
			buildSettings = {
				ALWAYS_SEARCH_USER_PATHS = NO;
				CLANG_CXX_LANGUAGE_STANDARD = "gnu++0x";
				CLANG_CXX_LIBRARY = "libc++";
				CLANG_ENABLE_MODULES = YES;
				CLANG_ENABLE_OBJC_ARC = YES;
				CLANG_WARN_BOOL_CONVERSION = YES;
				CLANG_WARN_CONSTANT_CONVERSION = YES;
				CLANG_WARN_DIRECT_OBJC_ISA_USAGE = YES_ERROR;
				CLANG_WARN_EMPTY_BODY = YES;
				CLANG_WARN_ENUM_CONVERSION = YES;
				CLANG_WARN_INT_CONVERSION = YES;
				CLANG_WARN_OBJC_ROOT_CLASS = YES_ERROR;
				CLANG_WARN_UNREACHABLE_CODE = YES;
				CLANG_WARN__DUPLICATE_METHOD_MATCH = YES;
				"CODE_SIGN_IDENTITY[sdk=iphoneos*]" = "iPhone Developer";
				COPY_PHASE_STRIP = NO;
				DEBUG_INFORMATION_FORMAT = "dwarf-with-dsym";
				ENABLE_NS_ASSERTIONS = NO;
				ENABLE_STRICT_OBJC_MSGSEND = YES;
				GCC_C_LANGUAGE_STANDARD = gnu99;
				GCC_NO_COMMON_BLOCKS = YES;
				GCC_WARN_64_TO_32_BIT_CONVERSION = YES;
				GCC_WARN_ABOUT_RETURN_TYPE = YES_ERROR;
				GCC_WARN_UNDECLARED_SELECTOR = YES;
				GCC_WARN_UNINITIALIZED_AUTOS = YES_AGGRESSIVE;
				GCC_WARN_UNUSED_FUNCTION = YES;
				GCC_WARN_UNUSED_VARIABLE = YES;
				IPHONEOS_DEPLOYMENT_TARGET = 9.2;
				MTL_ENABLE_DEBUG_INFO = NO;
				SDKROOT = iphoneos;
				VALIDATE_PRODUCT = YES;
			};
			name = Release;
		};
		95D8213E1D1D163F00B88AEF /* Debug */ = {
			isa = XCBuildConfiguration;
			buildSettings = {
				ASSETCATALOG_COMPILER_APPICON_NAME = AppIcon;
				INFOPLIST_FILE = IT007GitDemo/Info.plist;
				LD_RUNPATH_SEARCH_PATHS = "$(inherited) @executable_path/Frameworks";
				PRODUCT_BUNDLE_IDENTIFIER = hkzh.IT007GitDemo;
				PRODUCT_NAME = "$(TARGET_NAME)";
			};
			name = Debug;
		};
		95D8213F1D1D163F00B88AEF /* Release */ = {
			isa = XCBuildConfiguration;
			buildSettings = {
				ASSETCATALOG_COMPILER_APPICON_NAME = AppIcon;
				INFOPLIST_FILE = IT007GitDemo/Info.plist;
				LD_RUNPATH_SEARCH_PATHS = "$(inherited) @executable_path/Frameworks";
				PRODUCT_BUNDLE_IDENTIFIER = hkzh.IT007GitDemo;
				PRODUCT_NAME = "$(TARGET_NAME)";
			};
			name = Release;
		};
/* End XCBuildConfiguration section */

/* Begin XCConfigurationList section */
		95D821211D1D163F00B88AEF /* Build configuration list for PBXProject "IT007GitDemo" */ = {
			isa = XCConfigurationList;
			buildConfigurations = (
				95D8213B1D1D163F00B88AEF /* Debug */,
				95D8213C1D1D163F00B88AEF /* Release */,
			);
			defaultConfigurationIsVisible = 0;
			defaultConfigurationName = Release;
		};
		95D8213D1D1D163F00B88AEF /* Build configuration list for PBXNativeTarget "IT007GitDemo" */ = {
			isa = XCConfigurationList;
			buildConfigurations = (
				95D8213E1D1D163F00B88AEF /* Debug */,
				95D8213F1D1D163F00B88AEF /* Release */,
			);
			defaultConfigurationIsVisible = 0;
		};
/* End XCConfigurationList section */
	};
	rootObject = 95D8211E1D1D163F00B88AEF /* Project object */;
}
